
Microsoft Visual Studio Solution File, Format Version 12.00
# Visual Studio Version 16
VisualStudioVersion = 16.0.28803.202
MinimumVisualStudioVersion = 10.0.40219.1
Project("{9A19103F-16F7-4668-BE54-9A1E7A4F7556}") = "ExampleAzureServiceBus", "ExampleAzureServiceBus\ExampleAzureServiceBus.csproj", "{DC66A5CF-5079-45F4-A4FE-C9FD8656CAFB}"
EndProject
Project("{9A19103F-16F7-4668-BE54-9A1E7A4F7556}") = "ExampleAzureServiceBus.Consumer", "ExampleAzureServiceBus.Consumer\ExampleAzureServiceBus.Consumer.csproj", "{801E87AC-2CD0-4251-A253-3C99E9FF0A67}"
EndProject
Project("{FAE04EC0-301F-11D3-BF4B-00C04F79EFBC}") = "ExampleAzureServiceBus.Topic.Consumer", "ExampleAzureServiceBus.Topic.Consumer\ExampleAzureServiceBus.Topic.Consumer.csproj", "{E605C333-B70A-4C32-89AF-6127F329A326}"
EndProject
Project("{FAE04EC0-301F-11D3-BF4B-00C04F79EFBC}") = "ExampleAzureServiceBus.Topic.Consumer2", "ExampleAzureServiceBus.Topic.Consumer2\ExampleAzureServiceBus.Topic.Consumer2.csproj", "{3F314466-400D-497D-871A-668165781066}"
EndProject
Global
	GlobalSection(SolutionConfigurationPlatforms) = preSolution
		Debug|Any CPU = Debug|Any CPU
		Release|Any CPU = Release|Any CPU
	EndGlobalSection
	GlobalSection(ProjectConfigurationPlatforms) = postSolution
		{DC66A5CF-5079-45F4-A4FE-C9FD8656CAFB}.Debug|Any CPU.ActiveCfg = Debug|Any CPU
		{DC66A5CF-5079-45F4-A4FE-C9FD8656CAFB}.Debug|Any CPU.Build.0 = Debug|Any CPU
		{DC66A5CF-5079-45F4-A4FE-C9FD8656CAFB}.Release|Any CPU.ActiveCfg = Release|Any CPU
		{DC66A5CF-5079-45F4-A4FE-C9FD8656CAFB}.Release|Any CPU.Build.0 = Release|Any CPU
		{801E87AC-2CD0-4251-A253-3C99E9FF0A67}.Debug|Any CPU.ActiveCfg = Debug|Any CPU
		{801E87AC-2CD0-4251-A253-3C99E9FF0A67}.Debug|Any CPU.Build.0 = Debug|Any CPU
		{801E87AC-2CD0-4251-A253-3C99E9FF0A67}.Release|Any CPU.ActiveCfg = Release|Any CPU
		{801E87AC-2CD0-4251-A253-3C99E9FF0A67}.Release|Any CPU.Build.0 = Release|Any CPU
		{E605C333-B70A-4C32-89AF-6127F329A326}.Debug|Any CPU.ActiveCfg = Debug|Any CPU
		{E605C333-B70A-4C32-89AF-6127F329A326}.Debug|Any CPU.Build.0 = Debug|Any CPU
		{E605C333-B70A-4C32-89AF-6127F329A326}.Release|Any CPU.ActiveCfg = Release|Any CPU
		{E605C333-B70A-4C32-89AF-6127F329A326}.Release|Any CPU.Build.0 = Release|Any CPU
		{3F314466-400D-497D-871A-668165781066}.Debug|Any CPU.ActiveCfg = Debug|Any CPU
		{3F314466-400D-497D-871A-668165781066}.Debug|Any CPU.Build.0 = Debug|Any CPU
		{3F314466-400D-497D-871A-668165781066}.Release|Any CPU.ActiveCfg = Release|Any CPU
		{3F314466-400D-497D-871A-668165781066}.Release|Any CPU.Build.0 = Release|Any CPU
	EndGlobalSection
	GlobalSection(SolutionProperties) = preSolution
		HideSolutionNode = FALSE
	EndGlobalSection
	GlobalSection(ExtensibilityGlobals) = postSolution
		SolutionGuid = {3A50A012-A12B-433D-A0A1-C2A3BA73CD74}
	EndGlobalSection
EndGlobal
